
Microsoft Visual Studio Solution File, Format Version 12.00
# Visual Studio Version 17
VisualStudioVersion = 17.0.31903.59
MinimumVisualStudioVersion = 10.0.40219.1
Project("{2150E333-8FDC-42A3-9474-1A3956D46DE8}") = "src", "src", "{827E0CD3-B72D-47B6-A68D-7590B98EB39B}"
EndProject
Project("{2150E333-8FDC-42A3-9474-1A3956D46DE8}") = "BuildingBlocks", "BuildingBlocks", "{90298CBA-BD6F-3A0A-69D5-97CAD7B05E7E}"
EndProject
Project("{FAE04EC0-301F-11D3-BF4B-00C04F79EFBC}") = "BuildingBlocks.Domain", "src\BuildingBlocks\BuildingBlocks.Domain\BuildingBlocks.Domain.csproj", "{3F324513-0434-4A1D-9AE4-72A5870DDED6}"
EndProject
Project("{FAE04EC0-301F-11D3-BF4B-00C04F79EFBC}") = "BuildingBlocks.Application", "src\BuildingBlocks\BuildingBlocks.Application\BuildingBlocks.Application.csproj", "{AD83EC9C-46E8-405C-B792-20B25573F3AD}"
EndProject
Project("{FAE04EC0-301F-11D3-BF4B-00C04F79EFBC}") = "BuildingBlocks.Infrastructure", "src\BuildingBlocks\BuildingBlocks.Infrastructure\BuildingBlocks.Infrastructure.csproj", "{C81D90FD-8524-4ED4-BEE1-00A741E5F707}"
EndProject
Project("{2150E333-8FDC-42A3-9474-1A3956D46DE8}") = "Platform", "Platform", "{4DF80442-A1E5-CC28-AE7B-27B5F9BFE52B}"
EndProject
Project("{FAE04EC0-301F-11D3-BF4B-00C04F79EFBC}") = "Platform.Domain", "src\Platform\Platform.Domain\Platform.Domain.csproj", "{95770649-E352-4FEB-8799-B4BEDEC83CA7}"
EndProject
Project("{FAE04EC0-301F-11D3-BF4B-00C04F79EFBC}") = "Platform.Application", "src\Platform\Platform.Application\Platform.Application.csproj", "{13ED8678-45CF-45E7-988C-1C0F18F9037C}"
EndProject
Project("{FAE04EC0-301F-11D3-BF4B-00C04F79EFBC}") = "Platform.Infrastructure", "src\Platform\Platform.Infrastructure\Platform.Infrastructure.csproj", "{8F406741-AFC3-4C1F-AD14-6EFB994975E4}"
EndProject
Project("{FAE04EC0-301F-11D3-BF4B-00C04F79EFBC}") = "Platform.Api", "src\Platform\Platform.Api\Platform.Api.csproj", "{60425D95-0AFA-4D01-A122-03CB0B05EF21}"
EndProject
Project("{2150E333-8FDC-42A3-9474-1A3956D46DE8}") = "Hosts", "Hosts", "{C79C3622-AC92-5B3C-4F71-0BD0E7B3816F}"
EndProject
Project("{FAE04EC0-301F-11D3-BF4B-00C04F79EFBC}") = "Api", "src\Hosts\Api\Api.csproj", "{FAA90113-4EB3-426E-82F0-B2D26C38A8AA}"
EndProject
Project("{FAE04EC0-301F-11D3-BF4B-00C04F79EFBC}") = "Worker", "src\Hosts\Worker\Worker.csproj", "{6F1EEE97-8CC5-4548-85D6-93A8DD0242B6}"
EndProject
Project("{2150E333-8FDC-42A3-9474-1A3956D46DE8}") = "tests", "tests", "{0AB3BF05-4346-4AA6-1389-037BE0695223}"
EndProject
Project("{2150E333-8FDC-42A3-9474-1A3956D46DE8}") = "UnitTests", "UnitTests", "{394A81D9-3C45-9818-BB26-23F2B85056FF}"
EndProject
Project("{FAE04EC0-301F-11D3-BF4B-00C04F79EFBC}") = "BuildingBlocks.Domain.UnitTests", "tests\UnitTests\BuildingBlocks.Domain.UnitTests\BuildingBlocks.Domain.UnitTests.csproj", "{3A2A9268-85DF-4CCB-B9A9-B5B45CBB9EEB}"
EndProject
Project("{FAE04EC0-301F-11D3-BF4B-00C04F79EFBC}") = "BuildingBlocks.Application.UnitTests", "tests\UnitTests\BuildingBlocks.Application.UnitTests\BuildingBlocks.Application.UnitTests.csproj", "{915D7995-8ECE-4716-BBC8-ED6235F3AE86}"
EndProject
Project("{FAE04EC0-301F-11D3-BF4B-00C04F79EFBC}") = "Platform.Domain.UnitTests", "tests\UnitTests\Platform.Domain.UnitTests\Platform.Domain.UnitTests.csproj", "{5B1A5FD5-9C11-4086-82C8-651EF3A696DA}"
EndProject
Project("{FAE04EC0-301F-11D3-BF4B-00C04F79EFBC}") = "Platform.Application.UnitTests", "tests\UnitTests\Platform.Application.UnitTests\Platform.Application.UnitTests.csproj", "{B0D59955-8984-4976-A770-677F403ABCE4}"
EndProject
Project("{2150E333-8FDC-42A3-9474-1A3956D46DE8}") = "ArchitectureTests", "ArchitectureTests", "{8AD23086-AE11-148E-B2B6-9F0F94287E0D}"
EndProject
Project("{FAE04EC0-301F-11D3-BF4B-00C04F79EFBC}") = "ArchitectureTests", "tests\ArchitectureTests\ArchitectureTests\ArchitectureTests.csproj", "{266E8F23-EE98-4AF1-AA96-1D21C62DE0D2}"
EndProject
Global
	GlobalSection(SolutionConfigurationPlatforms) = preSolution
		Debug|Any CPU = Debug|Any CPU
		Debug|x64 = Debug|x64
		Debug|x86 = Debug|x86
		Release|Any CPU = Release|Any CPU
		Release|x64 = Release|x64
		Release|x86 = Release|x86
	EndGlobalSection
	GlobalSection(ProjectConfigurationPlatforms) = postSolution
		{3F324513-0434-4A1D-9AE4-72A5870DDED6}.Debug|Any CPU.ActiveCfg = Debug|Any CPU
		{3F324513-0434-4A1D-9AE4-72A5870DDED6}.Debug|Any CPU.Build.0 = Debug|Any CPU
		{3F324513-0434-4A1D-9AE4-72A5870DDED6}.Debug|x64.ActiveCfg = Debug|Any CPU
		{3F324513-0434-4A1D-9AE4-72A5870DDED6}.Debug|x64.Build.0 = Debug|Any CPU
		{3F324513-0434-4A1D-9AE4-72A5870DDED6}.Debug|x86.ActiveCfg = Debug|Any CPU
		{3F324513-0434-4A1D-9AE4-72A5870DDED6}.Debug|x86.Build.0 = Debug|Any CPU
		{3F324513-0434-4A1D-9AE4-72A5870DDED6}.Release|Any CPU.ActiveCfg = Release|Any CPU
		{3F324513-0434-4A1D-9AE4-72A5870DDED6}.Release|Any CPU.Build.0 = Release|Any CPU
		{3F324513-0434-4A1D-9AE4-72A5870DDED6}.Release|x64.ActiveCfg = Release|Any CPU
		{3F324513-0434-4A1D-9AE4-72A5870DDED6}.Release|x64.Build.0 = Release|Any CPU
		{3F324513-0434-4A1D-9AE4-72A5870DDED6}.Release|x86.ActiveCfg = Release|Any CPU
		{3F324513-0434-4A1D-9AE4-72A5870DDED6}.Release|x86.Build.0 = Release|Any CPU
		{AD83EC9C-46E8-405C-B792-20B25573F3AD}.Debug|Any CPU.ActiveCfg = Debug|Any CPU
		{AD83EC9C-46E8-405C-B792-20B25573F3AD}.Debug|Any CPU.Build.0 = Debug|Any CPU
		{AD83EC9C-46E8-405C-B792-20B25573F3AD}.Debug|x64.ActiveCfg = Debug|Any CPU
		{AD83EC9C-46E8-405C-B792-20B25573F3AD}.Debug|x64.Build.0 = Debug|Any CPU
		{AD83EC9C-46E8-405C-B792-20B25573F3AD}.Debug|x86.ActiveCfg = Debug|Any CPU
		{AD83EC9C-46E8-405C-B792-20B25573F3AD}.Debug|x86.Build.0 = Debug|Any CPU
		{AD83EC9C-46E8-405C-B792-20B25573F3AD}.Release|Any CPU.ActiveCfg = Release|Any CPU
		{AD83EC9C-46E8-405C-B792-20B25573F3AD}.Release|Any CPU.Build.0 = Release|Any CPU
		{AD83EC9C-46E8-405C-B792-20B25573F3AD}.Release|x64.ActiveCfg = Release|Any CPU
		{AD83EC9C-46E8-405C-B792-20B25573F3AD}.Release|x64.Build.0 = Release|Any CPU
		{AD83EC9C-46E8-405C-B792-20B25573F3AD}.Release|x86.ActiveCfg = Release|Any CPU
		{AD83EC9C-46E8-405C-B792-20B25573F3AD}.Release|x86.Build.0 = Release|Any CPU
		{C81D90FD-8524-4ED4-BEE1-00A741E5F707}.Debug|Any CPU.ActiveCfg = Debug|Any CPU
		{C81D90FD-8524-4ED4-BEE1-00A741E5F707}.Debug|Any CPU.Build.0 = Debug|Any CPU
		{C81D90FD-8524-4ED4-BEE1-00A741E5F707}.Debug|x64.ActiveCfg = Debug|Any CPU
		{C81D90FD-8524-4ED4-BEE1-00A741E5F707}.Debug|x64.Build.0 = Debug|Any CPU
		{C81D90FD-8524-4ED4-BEE1-00A741E5F707}.Debug|x86.ActiveCfg = Debug|Any CPU
		{C81D90FD-8524-4ED4-BEE1-00A741E5F707}.Debug|x86.Build.0 = Debug|Any CPU
		{C81D90FD-8524-4ED4-BEE1-00A741E5F707}.Release|Any CPU.ActiveCfg = Release|Any CPU
		{C81D90FD-8524-4ED4-BEE1-00A741E5F707}.Release|Any CPU.Build.0 = Release|Any CPU
		{C81D90FD-8524-4ED4-BEE1-00A741E5F707}.Release|x64.ActiveCfg = Release|Any CPU
		{C81D90FD-8524-4ED4-BEE1-00A741E5F707}.Release|x64.Build.0 = Release|Any CPU
		{C81D90FD-8524-4ED4-BEE1-00A741E5F707}.Release|x86.ActiveCfg = Release|Any CPU
		{C81D90FD-8524-4ED4-BEE1-00A741E5F707}.Release|x86.Build.0 = Release|Any CPU
		{95770649-E352-4FEB-8799-B4BEDEC83CA7}.Debug|Any CPU.ActiveCfg = Debug|Any CPU
		{95770649-E352-4FEB-8799-B4BEDEC83CA7}.Debug|Any CPU.Build.0 = Debug|Any CPU
		{95770649-E352-4FEB-8799-B4BEDEC83CA7}.Debug|x64.ActiveCfg = Debug|Any CPU
		{95770649-E352-4FEB-8799-B4BEDEC83CA7}.Debug|x64.Build.0 = Debug|Any CPU
		{95770649-E352-4FEB-8799-B4BEDEC83CA7}.Debug|x86.ActiveCfg = Debug|Any CPU
		{95770649-E352-4FEB-8799-B4BEDEC83CA7}.Debug|x86.Build.0 = Debug|Any CPU
		{95770649-E352-4FEB-8799-B4BEDEC83CA7}.Release|Any CPU.ActiveCfg = Release|Any CPU
		{95770649-E352-4FEB-8799-B4BEDEC83CA7}.Release|Any CPU.Build.0 = Release|Any CPU
		{95770649-E352-4FEB-8799-B4BEDEC83CA7}.Release|x64.ActiveCfg = Release|Any CPU
		{95770649-E352-4FEB-8799-B4BEDEC83CA7}.Release|x64.Build.0 = Release|Any CPU
		{95770649-E352-4FEB-8799-B4BEDEC83CA7}.Release|x86.ActiveCfg = Release|Any CPU
		{95770649-E352-4FEB-8799-B4BEDEC83CA7}.Release|x86.Build.0 = Release|Any CPU
		{13ED8678-45CF-45E7-988C-1C0F18F9037C}.Debug|Any CPU.ActiveCfg = Debug|Any CPU
		{13ED8678-45CF-45E7-988C-1C0F18F9037C}.Debug|Any CPU.Build.0 = Debug|Any CPU
		{13ED8678-45CF-45E7-988C-1C0F18F9037C}.Debug|x64.ActiveCfg = Debug|Any CPU
		{13ED8678-45CF-45E7-988C-1C0F18F9037C}.Debug|x64.Build.0 = Debug|Any CPU
		{13ED8678-45CF-45E7-988C-1C0F18F9037C}.Debug|x86.ActiveCfg = Debug|Any CPU
		{13ED8678-45CF-45E7-988C-1C0F18F9037C}.Debug|x86.Build.0 = Debug|Any CPU
		{13ED8678-45CF-45E7-988C-1C0F18F9037C}.Release|Any CPU.ActiveCfg = Release|Any CPU
		{13ED8678-45CF-45E7-988C-1C0F18F9037C}.Release|Any CPU.Build.0 = Release|Any CPU
		{13ED8678-45CF-45E7-988C-1C0F18F9037C}.Release|x64.ActiveCfg = Release|Any CPU
		{13ED8678-45CF-45E7-988C-1C0F18F9037C}.Release|x64.Build.0 = Release|Any CPU
		{13ED8678-45CF-45E7-988C-1C0F18F9037C}.Release|x86.ActiveCfg = Release|Any CPU
		{13ED8678-45CF-45E7-988C-1C0F18F9037C}.Release|x86.Build.0 = Release|Any CPU
		{8F406741-AFC3-4C1F-AD14-6EFB994975E4}.Debug|Any CPU.ActiveCfg = Debug|Any CPU
		{8F406741-AFC3-4C1F-AD14-6EFB994975E4}.Debug|Any CPU.Build.0 = Debug|Any CPU
		{8F406741-AFC3-4C1F-AD14-6EFB994975E4}.Debug|x64.ActiveCfg = Debug|Any CPU
		{8F406741-AFC3-4C1F-AD14-6EFB994975E4}.Debug|x64.Build.0 = Debug|Any CPU
		{8F406741-AFC3-4C1F-AD14-6EFB994975E4}.Debug|x86.ActiveCfg = Debug|Any CPU
		{8F406741-AFC3-4C1F-AD14-6EFB994975E4}.Debug|x86.Build.0 = Debug|Any CPU
		{8F406741-AFC3-4C1F-AD14-6EFB994975E4}.Release|Any CPU.ActiveCfg = Release|Any CPU
		{8F406741-AFC3-4C1F-AD14-6EFB994975E4}.Release|Any CPU.Build.0 = Release|Any CPU
		{8F406741-AFC3-4C1F-AD14-6EFB994975E4}.Release|x64.ActiveCfg = Release|Any CPU
		{8F406741-AFC3-4C1F-AD14-6EFB994975E4}.Release|x64.Build.0 = Release|Any CPU
		{8F406741-AFC3-4C1F-AD14-6EFB994975E4}.Release|x86.ActiveCfg = Release|Any CPU
		{8F406741-AFC3-4C1F-AD14-6EFB994975E4}.Release|x86.Build.0 = Release|Any CPU
		{60425D95-0AFA-4D01-A122-03CB0B05EF21}.Debug|Any CPU.ActiveCfg = Debug|Any CPU
		{60425D95-0AFA-4D01-A122-03CB0B05EF21}.Debug|Any CPU.Build.0 = Debug|Any CPU
		{60425D95-0AFA-4D01-A122-03CB0B05EF21}.Debug|x64.ActiveCfg = Debug|Any CPU
		{60425D95-0AFA-4D01-A122-03CB0B05EF21}.Debug|x64.Build.0 = Debug|Any CPU
		{60425D95-0AFA-4D01-A122-03CB0B05EF21}.Debug|x86.ActiveCfg = Debug|Any CPU
		{60425D95-0AFA-4D01-A122-03CB0B05EF21}.Debug|x86.Build.0 = Debug|Any CPU
		{60425D95-0AFA-4D01-A122-03CB0B05EF21}.Release|Any CPU.ActiveCfg = Release|Any CPU
		{60425D95-0AFA-4D01-A122-03CB0B05EF21}.Release|Any CPU.Build.0 = Release|Any CPU
		{60425D95-0AFA-4D01-A122-03CB0B05EF21}.Release|x64.ActiveCfg = Release|Any CPU
		{60425D95-0AFA-4D01-A122-03CB0B05EF21}.Release|x64.Build.0 = Release|Any CPU
		{60425D95-0AFA-4D01-A122-03CB0B05EF21}.Release|x86.ActiveCfg = Release|Any CPU
		{60425D95-0AFA-4D01-A122-03CB0B05EF21}.Release|x86.Build.0 = Release|Any CPU
		{FAA90113-4EB3-426E-82F0-B2D26C38A8AA}.Debug|Any CPU.ActiveCfg = Debug|Any CPU
		{FAA90113-4EB3-426E-82F0-B2D26C38A8AA}.Debug|Any CPU.Build.0 = Debug|Any CPU
		{FAA90113-4EB3-426E-82F0-B2D26C38A8AA}.Debug|x64.ActiveCfg = Debug|Any CPU
		{FAA90113-4EB3-426E-82F0-B2D26C38A8AA}.Debug|x64.Build.0 = Debug|Any CPU
		{FAA90113-4EB3-426E-82F0-B2D26C38A8AA}.Debug|x86.ActiveCfg = Debug|Any CPU
		{FAA90113-4EB3-426E-82F0-B2D26C38A8AA}.Debug|x86.Build.0 = Debug|Any CPU
		{FAA90113-4EB3-426E-82F0-B2D26C38A8AA}.Release|Any CPU.ActiveCfg = Release|Any CPU
		{FAA90113-4EB3-426E-82F0-B2D26C38A8AA}.Release|Any CPU.Build.0 = Release|Any CPU
		{FAA90113-4EB3-426E-82F0-B2D26C38A8AA}.Release|x64.ActiveCfg = Release|Any CPU
		{FAA90113-4EB3-426E-82F0-B2D26C38A8AA}.Release|x64.Build.0 = Release|Any CPU
		{FAA90113-4EB3-426E-82F0-B2D26C38A8AA}.Release|x86.ActiveCfg = Release|Any CPU
		{FAA90113-4EB3-426E-82F0-B2D26C38A8AA}.Release|x86.Build.0 = Release|Any CPU
		{6F1EEE97-8CC5-4548-85D6-93A8DD0242B6}.Debug|Any CPU.ActiveCfg = Debug|Any CPU
		{6F1EEE97-8CC5-4548-85D6-93A8DD0242B6}.Debug|Any CPU.Build.0 = Debug|Any CPU
		{6F1EEE97-8CC5-4548-85D6-93A8DD0242B6}.Debug|x64.ActiveCfg = Debug|Any CPU
		{6F1EEE97-8CC5-4548-85D6-93A8DD0242B6}.Debug|x64.Build.0 = Debug|Any CPU
		{6F1EEE97-8CC5-4548-85D6-93A8DD0242B6}.Debug|x86.ActiveCfg = Debug|Any CPU
		{6F1EEE97-8CC5-4548-85D6-93A8DD0242B6}.Debug|x86.Build.0 = Debug|Any CPU
		{6F1EEE97-8CC5-4548-85D6-93A8DD0242B6}.Release|Any CPU.ActiveCfg = Release|Any CPU
		{6F1EEE97-8CC5-4548-85D6-93A8DD0242B6}.Release|Any CPU.Build.0 = Release|Any CPU
		{6F1EEE97-8CC5-4548-85D6-93A8DD0242B6}.Release|x64.ActiveCfg = Release|Any CPU
		{6F1EEE97-8CC5-4548-85D6-93A8DD0242B6}.Release|x64.Build.0 = Release|Any CPU
		{6F1EEE97-8CC5-4548-85D6-93A8DD0242B6}.Release|x86.ActiveCfg = Release|Any CPU
		{6F1EEE97-8CC5-4548-85D6-93A8DD0242B6}.Release|x86.Build.0 = Release|Any CPU
		{3A2A9268-85DF-4CCB-B9A9-B5B45CBB9EEB}.Debug|Any CPU.ActiveCfg = Debug|Any CPU
		{3A2A9268-85DF-4CCB-B9A9-B5B45CBB9EEB}.Debug|Any CPU.Build.0 = Debug|Any CPU
		{3A2A9268-85DF-4CCB-B9A9-B5B45CBB9EEB}.Debug|x64.ActiveCfg = Debug|Any CPU
		{3A2A9268-85DF-4CCB-B9A9-B5B45CBB9EEB}.Debug|x64.Build.0 = Debug|Any CPU
		{3A2A9268-85DF-4CCB-B9A9-B5B45CBB9EEB}.Debug|x86.ActiveCfg = Debug|Any CPU
		{3A2A9268-85DF-4CCB-B9A9-B5B45CBB9EEB}.Debug|x86.Build.0 = Debug|Any CPU
		{3A2A9268-85DF-4CCB-B9A9-B5B45CBB9EEB}.Release|Any CPU.ActiveCfg = Release|Any CPU
		{3A2A9268-85DF-4CCB-B9A9-B5B45CBB9EEB}.Release|Any CPU.Build.0 = Release|Any CPU
		{3A2A9268-85DF-4CCB-B9A9-B5B45CBB9EEB}.Release|x64.ActiveCfg = Release|Any CPU
		{3A2A9268-85DF-4CCB-B9A9-B5B45CBB9EEB}.Release|x64.Build.0 = Release|Any CPU
		{3A2A9268-85DF-4CCB-B9A9-B5B45CBB9EEB}.Release|x86.ActiveCfg = Release|Any CPU
		{3A2A9268-85DF-4CCB-B9A9-B5B45CBB9EEB}.Release|x86.Build.0 = Release|Any CPU
		{915D7995-8ECE-4716-BBC8-ED6235F3AE86}.Debug|Any CPU.ActiveCfg = Debug|Any CPU
		{915D7995-8ECE-4716-BBC8-ED6235F3AE86}.Debug|Any CPU.Build.0 = Debug|Any CPU
		{915D7995-8ECE-4716-BBC8-ED6235F3AE86}.Debug|x64.ActiveCfg = Debug|Any CPU
		{915D7995-8ECE-4716-BBC8-ED6235F3AE86}.Debug|x64.Build.0 = Debug|Any CPU
		{915D7995-8ECE-4716-BBC8-ED6235F3AE86}.Debug|x86.ActiveCfg = Debug|Any CPU
		{915D7995-8ECE-4716-BBC8-ED6235F3AE86}.Debug|x86.Build.0 = Debug|Any CPU
		{915D7995-8ECE-4716-BBC8-ED6235F3AE86}.Release|Any CPU.ActiveCfg = Release|Any CPU
		{915D7995-8ECE-4716-BBC8-ED6235F3AE86}.Release|Any CPU.Build.0 = Release|Any CPU
		{915D7995-8ECE-4716-BBC8-ED6235F3AE86}.Release|x64.ActiveCfg = Release|Any CPU
		{915D7995-8ECE-4716-BBC8-ED6235F3AE86}.Release|x64.Build.0 = Release|Any CPU
		{915D7995-8ECE-4716-BBC8-ED6235F3AE86}.Release|x86.ActiveCfg = Release|Any CPU
		{915D7995-8ECE-4716-BBC8-ED6235F3AE86}.Release|x86.Build.0 = Release|Any CPU
		{5B1A5FD5-9C11-4086-82C8-651EF3A696DA}.Debug|Any CPU.ActiveCfg = Debug|Any CPU
		{5B1A5FD5-9C11-4086-82C8-651EF3A696DA}.Debug|Any CPU.Build.0 = Debug|Any CPU
		{5B1A5FD5-9C11-4086-82C8-651EF3A696DA}.Debug|x64.ActiveCfg = Debug|Any CPU
		{5B1A5FD5-9C11-4086-82C8-651EF3A696DA}.Debug|x64.Build.0 = Debug|Any CPU
		{5B1A5FD5-9C11-4086-82C8-651EF3A696DA}.Debug|x86.ActiveCfg = Debug|Any CPU
		{5B1A5FD5-9C11-4086-82C8-651EF3A696DA}.Debug|x86.Build.0 = Debug|Any CPU
		{5B1A5FD5-9C11-4086-82C8-651EF3A696DA}.Release|Any CPU.ActiveCfg = Release|Any CPU
		{5B1A5FD5-9C11-4086-82C8-651EF3A696DA}.Release|Any CPU.Build.0 = Release|Any CPU
		{5B1A5FD5-9C11-4086-82C8-651EF3A696DA}.Release|x64.ActiveCfg = Release|Any CPU
		{5B1A5FD5-9C11-4086-82C8-651EF3A696DA}.Release|x64.Build.0 = Release|Any CPU
		{5B1A5FD5-9C11-4086-82C8-651EF3A696DA}.Release|x86.ActiveCfg = Release|Any CPU
		{5B1A5FD5-9C11-4086-82C8-651EF3A696DA}.Release|x86.Build.0 = Release|Any CPU
		{B0D59955-8984-4976-A770-677F403ABCE4}.Debug|Any CPU.ActiveCfg = Debug|Any CPU
		{B0D59955-8984-4976-A770-677F403ABCE4}.Debug|Any CPU.Build.0 = Debug|Any CPU
		{B0D59955-8984-4976-A770-677F403ABCE4}.Debug|x64.ActiveCfg = Debug|Any CPU
		{B0D59955-8984-4976-A770-677F403ABCE4}.Debug|x64.Build.0 = Debug|Any CPU
		{B0D59955-8984-4976-A770-677F403ABCE4}.Debug|x86.ActiveCfg = Debug|Any CPU
		{B0D59955-8984-4976-A770-677F403ABCE4}.Debug|x86.Build.0 = Debug|Any CPU
		{B0D59955-8984-4976-A770-677F403ABCE4}.Release|Any CPU.ActiveCfg = Release|Any CPU
		{B0D59955-8984-4976-A770-677F403ABCE4}.Release|Any CPU.Build.0 = Release|Any CPU
		{B0D59955-8984-4976-A770-677F403ABCE4}.Release|x64.ActiveCfg = Release|Any CPU
		{B0D59955-8984-4976-A770-677F403ABCE4}.Release|x64.Build.0 = Release|Any CPU
		{B0D59955-8984-4976-A770-677F403ABCE4}.Release|x86.ActiveCfg = Release|Any CPU
		{B0D59955-8984-4976-A770-677F403ABCE4}.Release|x86.Build.0 = Release|Any CPU
		{266E8F23-EE98-4AF1-AA96-1D21C62DE0D2}.Debug|Any CPU.ActiveCfg = Debug|Any CPU
		{266E8F23-EE98-4AF1-AA96-1D21C62DE0D2}.Debug|Any CPU.Build.0 = Debug|Any CPU
		{266E8F23-EE98-4AF1-AA96-1D21C62DE0D2}.Debug|x64.ActiveCfg = Debug|Any CPU
		{266E8F23-EE98-4AF1-AA96-1D21C62DE0D2}.Debug|x64.Build.0 = Debug|Any CPU
		{266E8F23-EE98-4AF1-AA96-1D21C62DE0D2}.Debug|x86.ActiveCfg = Debug|Any CPU
		{266E8F23-EE98-4AF1-AA96-1D21C62DE0D2}.Debug|x86.Build.0 = Debug|Any CPU
		{266E8F23-EE98-4AF1-AA96-1D21C62DE0D2}.Release|Any CPU.ActiveCfg = Release|Any CPU
		{266E8F23-EE98-4AF1-AA96-1D21C62DE0D2}.Release|Any CPU.Build.0 = Release|Any CPU
		{266E8F23-EE98-4AF1-AA96-1D21C62DE0D2}.Release|x64.ActiveCfg = Release|Any CPU
		{266E8F23-EE98-4AF1-AA96-1D21C62DE0D2}.Release|x64.Build.0 = Release|Any CPU
		{266E8F23-EE98-4AF1-AA96-1D21C62DE0D2}.Release|x86.ActiveCfg = Release|Any CPU
		{266E8F23-EE98-4AF1-AA96-1D21C62DE0D2}.Release|x86.Build.0 = Release|Any CPU
	EndGlobalSection
	GlobalSection(SolutionProperties) = preSolution
		HideSolutionNode = FALSE
	EndGlobalSection
	GlobalSection(NestedProjects) = preSolution
		{90298CBA-BD6F-3A0A-69D5-97CAD7B05E7E} = {827E0CD3-B72D-47B6-A68D-7590B98EB39B}
		{3F324513-0434-4A1D-9AE4-72A5870DDED6} = {90298CBA-BD6F-3A0A-69D5-97CAD7B05E7E}
		{AD83EC9C-46E8-405C-B792-20B25573F3AD} = {90298CBA-BD6F-3A0A-69D5-97CAD7B05E7E}
		{C81D90FD-8524-4ED4-BEE1-00A741E5F707} = {90298CBA-BD6F-3A0A-69D5-97CAD7B05E7E}
		{4DF80442-A1E5-CC28-AE7B-27B5F9BFE52B} = {827E0CD3-B72D-47B6-A68D-7590B98EB39B}
		{95770649-E352-4FEB-8799-B4BEDEC83CA7} = {4DF80442-A1E5-CC28-AE7B-27B5F9BFE52B}
		{13ED8678-45CF-45E7-988C-1C0F18F9037C} = {4DF80442-A1E5-CC28-AE7B-27B5F9BFE52B}
		{8F406741-AFC3-4C1F-AD14-6EFB994975E4} = {4DF80442-A1E5-CC28-AE7B-27B5F9BFE52B}
		{60425D95-0AFA-4D01-A122-03CB0B05EF21} = {4DF80442-A1E5-CC28-AE7B-27B5F9BFE52B}
		{C79C3622-AC92-5B3C-4F71-0BD0E7B3816F} = {827E0CD3-B72D-47B6-A68D-7590B98EB39B}
		{FAA90113-4EB3-426E-82F0-B2D26C38A8AA} = {C79C3622-AC92-5B3C-4F71-0BD0E7B3816F}
		{6F1EEE97-8CC5-4548-85D6-93A8DD0242B6} = {C79C3622-AC92-5B3C-4F71-0BD0E7B3816F}
		{394A81D9-3C45-9818-BB26-23F2B85056FF} = {0AB3BF05-4346-4AA6-1389-037BE0695223}
		{3A2A9268-85DF-4CCB-B9A9-B5B45CBB9EEB} = {394A81D9-3C45-9818-BB26-23F2B85056FF}
		{915D7995-8ECE-4716-BBC8-ED6235F3AE86} = {394A81D9-3C45-9818-BB26-23F2B85056FF}
		{5B1A5FD5-9C11-4086-82C8-651EF3A696DA} = {394A81D9-3C45-9818-BB26-23F2B85056FF}
		{B0D59955-8984-4976-A770-677F403ABCE4} = {394A81D9-3C45-9818-BB26-23F2B85056FF}
		{8AD23086-AE11-148E-B2B6-9F0F94287E0D} = {0AB3BF05-4346-4AA6-1389-037BE0695223}
		{266E8F23-EE98-4AF1-AA96-1D21C62DE0D2} = {8AD23086-AE11-148E-B2B6-9F0F94287E0D}
	EndGlobalSection
EndGlobal
